
Microsoft Visual Studio Solution File, Format Version 11.00
# Visual Studio 2010
Project("{FAE04EC0-301F-11D3-BF4B-00C04F79EFBC}") = "Program", "Program\Program.csproj", "{6ACBD9A9-8C8A-4CBF-9ADA-E75068C93729}"
EndProject
Project("{54435603-DBB4-11D2-8724-00A0C9A8B90C}") = "Installer", "Installer\Installer.vdproj", "{5961E7EF-82F2-414F-B9D6-B894CB5A8F7C}"
EndProject
Project("{FAE04EC0-301F-11D3-BF4B-00C04F79EFBC}") = "InstallActions", "InstallActions\InstallActions.csproj", "{F6520F70-C363-45A0-967E-9E76C904F268}"
EndProject
Global
	GlobalSection(SolutionConfigurationPlatforms) = preSolution
		Debug|Any CPU = Debug|Any CPU
		Debug|Mixed Platforms = Debug|Mixed Platforms
		Debug|x64 = Debug|x64
		Debug|x86 = Debug|x86
		Release|Any CPU = Release|Any CPU
		Release|Mixed Platforms = Release|Mixed Platforms
		Release|x64 = Release|x64
		Release|x86 = Release|x86
	EndGlobalSection
	GlobalSection(ProjectConfigurationPlatforms) = postSolution
		{6ACBD9A9-8C8A-4CBF-9ADA-E75068C93729}.Debug|Any CPU.ActiveCfg = Debug|x64
		{6ACBD9A9-8C8A-4CBF-9ADA-E75068C93729}.Debug|Mixed Platforms.ActiveCfg = Debug|Any CPU
		{6ACBD9A9-8C8A-4CBF-9ADA-E75068C93729}.Debug|Mixed Platforms.Build.0 = Debug|Any CPU
		{6ACBD9A9-8C8A-4CBF-9ADA-E75068C93729}.Debug|x64.ActiveCfg = Debug|x64
		{6ACBD9A9-8C8A-4CBF-9ADA-E75068C93729}.Debug|x64.Build.0 = Debug|x64
		{6ACBD9A9-8C8A-4CBF-9ADA-E75068C93729}.Debug|x86.ActiveCfg = Debug|x86
		{6ACBD9A9-8C8A-4CBF-9ADA-E75068C93729}.Debug|x86.Build.0 = Debug|x86
		{6ACBD9A9-8C8A-4CBF-9ADA-E75068C93729}.Release|Any CPU.ActiveCfg = Release|x64
		{6ACBD9A9-8C8A-4CBF-9ADA-E75068C93729}.Release|Mixed Platforms.ActiveCfg = Release|x64
		{6ACBD9A9-8C8A-4CBF-9ADA-E75068C93729}.Release|Mixed Platforms.Build.0 = Release|x64
		{6ACBD9A9-8C8A-4CBF-9ADA-E75068C93729}.Release|x64.ActiveCfg = Release|x64
		{6ACBD9A9-8C8A-4CBF-9ADA-E75068C93729}.Release|x64.Build.0 = Release|x64
		{6ACBD9A9-8C8A-4CBF-9ADA-E75068C93729}.Release|x86.ActiveCfg = Release|x86
		{6ACBD9A9-8C8A-4CBF-9ADA-E75068C93729}.Release|x86.Build.0 = Release|x86
		{5961E7EF-82F2-414F-B9D6-B894CB5A8F7C}.Debug|Any CPU.ActiveCfg = Debug
		{5961E7EF-82F2-414F-B9D6-B894CB5A8F7C}.Debug|Any CPU.Build.0 = Debug
		{5961E7EF-82F2-414F-B9D6-B894CB5A8F7C}.Debug|Mixed Platforms.ActiveCfg = Debug
		{5961E7EF-82F2-414F-B9D6-B894CB5A8F7C}.Debug|Mixed Platforms.Build.0 = Debug
		{5961E7EF-82F2-414F-B9D6-B894CB5A8F7C}.Debug|x64.ActiveCfg = Debug
		{5961E7EF-82F2-414F-B9D6-B894CB5A8F7C}.Debug|x64.Build.0 = Debug
		{5961E7EF-82F2-414F-B9D6-B894CB5A8F7C}.Debug|x86.ActiveCfg = Debug
		{5961E7EF-82F2-414F-B9D6-B894CB5A8F7C}.Release|Any CPU.ActiveCfg = Release
		{5961E7EF-82F2-414F-B9D6-B894CB5A8F7C}.Release|Any CPU.Build.0 = Release
		{5961E7EF-82F2-414F-B9D6-B894CB5A8F7C}.Release|Mixed Platforms.ActiveCfg = Release
		{5961E7EF-82F2-414F-B9D6-B894CB5A8F7C}.Release|Mixed Platforms.Build.0 = Release
		{5961E7EF-82F2-414F-B9D6-B894CB5A8F7C}.Release|x64.ActiveCfg = Release
		{5961E7EF-82F2-414F-B9D6-B894CB5A8F7C}.Release|x64.Build.0 = Release
		{5961E7EF-82F2-414F-B9D6-B894CB5A8F7C}.Release|x86.ActiveCfg = Release
		{F6520F70-C363-45A0-967E-9E76C904F268}.Debug|Any CPU.ActiveCfg = Debug|Any CPU
		{F6520F70-C363-45A0-967E-9E76C904F268}.Debug|Any CPU.Build.0 = Debug|Any CPU
		{F6520F70-C363-45A0-967E-9E76C904F268}.Debug|Mixed Platforms.ActiveCfg = Debug|Any CPU
		{F6520F70-C363-45A0-967E-9E76C904F268}.Debug|Mixed Platforms.Build.0 = Debug|Any CPU
		{F6520F70-C363-45A0-967E-9E76C904F268}.Debug|x64.ActiveCfg = Debug|Any CPU
		{F6520F70-C363-45A0-967E-9E76C904F268}.Debug|x86.ActiveCfg = Debug|Any CPU
		{F6520F70-C363-45A0-967E-9E76C904F268}.Release|Any CPU.ActiveCfg = Release|Any CPU
		{F6520F70-C363-45A0-967E-9E76C904F268}.Release|Any CPU.Build.0 = Release|Any CPU
		{F6520F70-C363-45A0-967E-9E76C904F268}.Release|Mixed Platforms.ActiveCfg = Release|Any CPU
		{F6520F70-C363-45A0-967E-9E76C904F268}.Release|Mixed Platforms.Build.0 = Release|Any CPU
		{F6520F70-C363-45A0-967E-9E76C904F268}.Release|x64.ActiveCfg = Release|Any CPU
		{F6520F70-C363-45A0-967E-9E76C904F268}.Release|x86.ActiveCfg = Release|Any CPU
	EndGlobalSection
	GlobalSection(SolutionProperties) = preSolution
		HideSolutionNode = FALSE
	EndGlobalSection
EndGlobal
